lockfileVersion: 5.3

specifiers:
  '@types/gulp-autoprefixer': 0.0.33
  '@types/gulp-clean-css': 4.3.0
  '@types/gulp-rename': 2.0.1
  '@types/gulp-sass': 5.0.0
  gulp-autoprefixer: 8.0.0
  gulp-clean-css: 4.3.0
  gulp-rename: 2.0.0
  gulp-sass: 5.0.0

devDependencies:
  '@types/gulp-autoprefixer': 0.0.33
  '@types/gulp-clean-css': 4.3.0
  '@types/gulp-rename': 2.0.1
  '@types/gulp-sass': 5.0.0
  gulp-autoprefixer: 8.0.0
  gulp-clean-css: 4.3.0
  gulp-rename: 2.0.0
  gulp-sass: 5.0.0

packages:

  /@types/clean-css/4.2.5:
    resolution: {integrity: sha512-NEzjkGGpbs9S9fgC4abuBvTpVwE3i+Acu9BBod3PUyjDVZcNsGx61b8r2PphR61QGPnn0JHVs5ey6/I4eTrkxw==}
    dependencies:
      '@types/node': 16.11.10
      source-map: 0.6.1
    dev: true

  /@types/expect/1.20.4:
    resolution: {integrity: sha512-Q5Vn3yjTDyCMV50TB6VRIbQNxSE4OmZR86VSbGaNpfUolm0iePBB4KdEEHmxoY5sT2+2DIvXW0rvMDP2nHZ4Mg==}
    dev: true

  /@types/gulp-autoprefixer/0.0.33:
    resolution: {integrity: sha512-FgunPm1uMroC/w9FCxtQhPPskR/WvnT+sNPxnyldwNXjq8K5ktzZAOqATyrYk0jTgae793uc+k5vsGV6Q+G7xA==}
    dependencies:
      '@types/node': 16.11.10
    dev: true

  /@types/gulp-clean-css/4.3.0:
    resolution: {integrity: sha512-aRV2BvZA+X/SdgONQW4OkIzInYhvSqeUCiLfwc3VCD0/pxQT9xAadwHmtYGF2kc66cD4uSPmE+s4JYFvhHLaUA==}
    dependencies:
      '@types/clean-css': 4.2.5
      '@types/node': 16.11.10
    dev: true

  /@types/gulp-rename/2.0.1:
    resolution: {integrity: sha512-9ZjeS2RHEnmBmTcyi2+oeye3BgCsWhvi4uv3qCnAg8i6plOuRdaeNxjOves0ELysEXYLBl7bCl5fbVs7AZtgTA==}
    dependencies:
      '@types/node': 16.11.10
      '@types/vinyl': 2.0.6
    dev: true

  /@types/gulp-sass/5.0.0:
    resolution: {integrity: sha512-7p7nT+IKDREyJzTH13/FC/j3fobDBZTclSJFrgAJA+qzNZgzCENAx3HeiO4N7QlraLRqx44u3OR0Aq0Jw4wz8Q==}
    dependencies:
      '@types/node': 16.11.10
      '@types/node-sass': 4.11.2
    dev: true

  /@types/node-sass/4.11.2:
    resolution: {integrity: sha512-pOFlTw/OtZda4e+yMjq6/QYuvY0RDMQ+mxXdWj7rfSyf18V8hS4SfgurO+MasAkQsv6Wt6edOGlwh5QqJml9gw==}
    dependencies:
      '@types/node': 16.11.10
    dev: true

  /@types/node/16.11.10:
    resolution: {integrity: sha512-3aRnHa1KlOEEhJ6+CvyHKK5vE9BcLGjtUpwvqYLRvYNQKMfabu3BwfJaA/SLW8dxe28LsNDjtHwePTuzn3gmOA==}
    dev: true

  /@types/vinyl/2.0.6:
    resolution: {integrity: sha512-ayJ0iOCDNHnKpKTgBG6Q6JOnHTj9zFta+3j2b8Ejza0e4cvRyMn0ZoLEmbPrTHe5YYRlDYPvPWVdV4cTaRyH7g==}
    dependencies:
      '@types/expect': 1.20.4
      '@types/node': 16.11.10
    dev: true

  /ansi-colors/1.1.0:
    resolution: {integrity: sha512-SFKX67auSNoVR38N3L+nvsPjOE0bybKTYbkf5tRvushrAPQ9V75huw0ZxBkKVeRU9kqH3d6HA4xTckbwZ4ixmA==}
    engines: {node: '>=0.10.0'}
    dependencies:
      ansi-wrap: 0.1.0
    dev: true

  /ansi-gray/0.1.1:
    resolution: {integrity: sha1-KWLPVOyXksSFEKPetSRDaGHvclE=}
    engines: {node: '>=0.10.0'}
    dependencies:
      ansi-wrap: 0.1.0
    dev: true

  /ansi-regex/5.0.1:
    resolution: {integrity: sha512-quJQXlTSUGL2LH9SUXo8VwsY4soanhgo6LNSm84E1LBcE8s3O0wpdiRzyR9z/ZZJMlMWv37qOOb9pdJlMUEKFQ==}
    engines: {node: '>=8'}
    dev: true

  /ansi-styles/4.3.0:
    resolution: {integrity: sha512-zbB9rCJAT1rbjiVDb2hqKFHNYLxgtk8NURxZ3IZwD3F6NtxbXZQCnnSi1Lkx+IDohdPlFp222wVALIheZJQSEg==}
    engines: {node: '>=8'}
    dependencies:
      color-convert: 2.0.1
    dev: true

  /ansi-wrap/0.1.0:
    resolution: {integrity: sha1-qCJQ3bABXponyoLoLqYDu/pF768=}
    engines: {node: '>=0.10.0'}
    dev: true

  /arr-diff/4.0.0:
    resolution: {integrity: sha1-1kYQdP6/7HHn4VI1dhoyml3HxSA=}
    engines: {node: '>=0.10.0'}
    dev: true

  /arr-union/3.1.0:
    resolution: {integrity: sha1-45sJrqne+Gao8gbiiK9jkZuuOcQ=}
    engines: {node: '>=0.10.0'}
    dev: true

  /assign-symbols/1.0.0:
    resolution: {integrity: sha1-WWZ/QfrdTyDMvCu5a41Pf3jsA2c=}
    engines: {node: '>=0.10.0'}
    dev: true

  /autoprefixer/10.4.0_postcss@8.4.4:
    resolution: {integrity: sha512-7FdJ1ONtwzV1G43GDD0kpVMn/qbiNqyOPMFTX5nRffI+7vgWoFEc6DcXOxHJxrWNDXrZh18eDsZjvZGUljSRGA==}
    engines: {node: ^10 || ^12 || >=14}
    hasBin: true
    peerDependencies:
      postcss: ^8.1.0
    dependencies:
      browserslist: 4.18.1
      caniuse-lite: 1.0.30001283
      fraction.js: 4.1.2
      normalize-range: 0.1.2
      picocolors: 1.0.0
      postcss: 8.4.4
      postcss-value-parser: 4.1.0
    dev: true

  /browserslist/4.18.1:
    resolution: {integrity: sha512-8ScCzdpPwR2wQh8IT82CA2VgDwjHyqMovPBZSNH54+tm4Jk2pCuv90gmAdH6J84OCRWi0b4gMe6O6XPXuJnjgQ==}
    engines: {node: ^6 || ^7 || ^8 || ^9 || ^10 || ^11 || ^12 || >=13.7}
    hasBin: true
    dependencies:
      caniuse-lite: 1.0.30001283
      electron-to-chromium: 1.4.4
      escalade: 3.1.1
      node-releases: 2.0.1
      picocolors: 1.0.0
    dev: true

  /caniuse-lite/1.0.30001283:
    resolution: {integrity: sha512-9RoKo841j1GQFSJz/nCXOj0sD7tHBtlowjYlrqIUS812x9/emfBLBt6IyMz1zIaYc/eRL8Cs6HPUVi2Hzq4sIg==}
    dev: true

  /chalk/4.1.2:
    resolution: {integrity: sha512-oKnbhFyRIXpUuez8iBMmyEa4nbj4IOQyuhc/wy9kY7/WVPcwIO9VA668Pu8RkO7+0G76SLROeyw9CpQ061i4mA==}
    engines: {node: '>=10'}
    dependencies:
      ansi-styles: 4.3.0
      supports-color: 7.2.0
    dev: true

  /clean-css/4.2.3:
    resolution: {integrity: sha512-VcMWDN54ZN/DS+g58HYL5/n4Zrqe8vHJpGA8KdgUXFU4fuP/aHNw8eld9SyEIyabIMJX/0RaY/fplOo5hYLSFA==}
    engines: {node: '>= 4.0'}
    dependencies:
      source-map: 0.6.1
    dev: true

  /color-convert/2.0.1:
    resolution: {integrity: sha512-RRECPsj7iu/xb5oKYcsFHSppFNnsj/52OVTRKb4zP5onXwVF3zVmmToNcOfGC+CRDpfK/U584fMg38ZHCaElKQ==}
    engines: {node: '>=7.0.0'}
    dependencies:
      color-name: 1.1.4
    dev: true

  /color-name/1.1.4:
    resolution: {integrity: sha512-dOy+3AuW3a2wNbZHIuMZpTcgjGuLU/uBL/ubcZF9OXbDo8ff4O8yVp5Bf0efS8uEoYo5q4Fx7dY9OgQGXgAsQA==}
    dev: true

  /color-support/1.1.3:
    resolution: {integrity: sha512-qiBjkpbMLO/HL68y+lh4q0/O1MZFj2RX6X/KmMa3+gJD3z+WwI1ZzDHysvqHGS3mP6mznPckpXmw1nI9cJjyRg==}
    hasBin: true
    dev: true

  /electron-to-chromium/1.4.4:
    resolution: {integrity: sha512-teHtgwcmVcL46jlFvAaqjyiTLWuMrUQO1JqV303JKB4ysXG6m8fXSFhbjal9st0r9mNskI22AraJZorb1VcLVg==}
    dev: true

  /escalade/3.1.1:
    resolution: {integrity: sha512-k0er2gUkLf8O0zKJiAhmkTnJlTvINGv7ygDNPbeIsX/TJjGJZHuh9B2UxbsaEkmlEo9MfhrSzmhIlhRlI2GXnw==}
    engines: {node: '>=6'}
    dev: true

  /extend-shallow/3.0.2:
    resolution: {integrity: sha1-Jqcarwc7OfshJxcnRhMcJwQCjbg=}
    engines: {node: '>=0.10.0'}
    dependencies:
      assign-symbols: 1.0.0
      is-extendable: 1.0.1
    dev: true

  /fancy-log/1.3.3:
    resolution: {integrity: sha512-k9oEhlyc0FrVh25qYuSELjr8oxsCoc4/LEZfg2iJJrfEk/tZL9bCoJE47gqAvI2m/AUjluCS4+3I0eTx8n3AEw==}
    engines: {node: '>= 0.10'}
    dependencies:
      ansi-gray: 0.1.1
      color-support: 1.1.3
      parse-node-version: 1.0.1
      time-stamp: 1.1.0
    dev: true

  /fraction.js/4.1.2:
    resolution: {integrity: sha512-o2RiJQ6DZaR/5+Si0qJUIy637QMRudSi9kU/FFzx9EZazrIdnBgpU+3sEWCxAVhH2RtxW2Oz+T4p2o8uOPVcgA==}
    dev: true

  /gulp-autoprefixer/8.0.0:
    resolution: {integrity: sha512-sVR++PIaXpa81p52dmmA/jt50bw0egmylK5mjagfgOJ8uLDGaF9tHyzvetkY9Uo0gBZUS5sVqN3kX/GlUKOyog==}
    engines: {node: '>=12'}
    peerDependencies:
      gulp: '>=4'
    peerDependenciesMeta:
      gulp:
        optional: true
    dependencies:
      autoprefixer: 10.4.0_postcss@8.4.4
      fancy-log: 1.3.3
      plugin-error: 1.0.1
      postcss: 8.4.4
      through2: 4.0.2
      vinyl-sourcemaps-apply: 0.2.1
    dev: true

  /gulp-clean-css/4.3.0:
    resolution: {integrity: sha512-mGyeT3qqFXTy61j0zOIciS4MkYziF2U594t2Vs9rUnpkEHqfu6aDITMp8xOvZcvdX61Uz3y1mVERRYmjzQF5fg==}
    dependencies:
      clean-css: 4.2.3
      plugin-error: 1.0.1
      through2: 3.0.1
      vinyl-sourcemaps-apply: 0.2.1
    dev: true

  /gulp-rename/2.0.0:
    resolution: {integrity: sha512-97Vba4KBzbYmR5VBs9mWmK+HwIf5mj+/zioxfZhOKeXtx5ZjBk57KFlePf5nxq9QsTtFl0ejnHE3zTC9MHXqyQ==}
    engines: {node: '>=4'}
    dev: true

  /gulp-sass/5.0.0:
    resolution: {integrity: sha512-J0aH0/2N4+2szGCeut0ktGHK0Wg8L9uWivuigrl7xv+nhxozBQRAKLrhnDDaTa3FeUWYtgT8w4RlgdhRy5v16w==}
    engines: {node: '>=12'}
    dependencies:
      chalk: 4.1.2
      lodash: 4.17.21
      plugin-error: 1.0.1
      replace-ext: 2.0.0
      strip-ansi: 6.0.1
      transfob: 1.0.0
      vinyl-sourcemaps-apply: 0.2.1
    dev: true

  /has-flag/4.0.0:
    resolution: {integrity: sha512-EykJT/Q1KjTWctppgIAgfSO0tKVuZUjhgMr17kqTumMl6Afv3EISleU7qZUzoXDFTAHTDC4NOoG/ZxU3EvlMPQ==}
    engines: {node: '>=8'}
    dev: true

  /inherits/2.0.4:
    resolution: {integrity: sha512-k/vGaX4/Yla3WzyMCvTQOXYeIHvqOKtnqBduzTHpzpQZzAskKMhZ2K+EnBiSM9zGSoIFeMpXKxa4dYeZIQqewQ==}
    dev: true

  /is-extendable/1.0.1:
    resolution: {integrity: sha512-arnXMxT1hhoKo9k1LZdmlNyJdDDfy2v0fXjFlmok4+i8ul/6WlbVge9bhM74OpNPQPMGUToDtz+KXa1PneJxOA==}
    engines: {node: '>=0.10.0'}
    dependencies:
      is-plain-object: 2.0.4
    dev: true

  /is-plain-object/2.0.4:
    resolution: {integrity: sha512-h5PpgXkWitc38BBMYawTYMWJHFZJVnBquFE57xFpjB8pJFiF6gZ+bU+WyI/yqXiFR5mdLsgYNaPe8uao6Uv9Og==}
    engines: {node: '>=0.10.0'}
    dependencies:
      isobject: 3.0.1
    dev: true

  /isobject/3.0.1:
    resolution: {integrity: sha1-TkMekrEalzFjaqH5yNHMvP2reN8=}
    engines: {node: '>=0.10.0'}
    dev: true

  /lodash/4.17.21:
    resolution: {integrity: sha512-v2kDEe57lecTulaDIuNTPy3Ry4gLGJ6Z1O3vE1krgXZNrsQ+LFTGHVxVjcXPs17LhbZVGedAJv8XZ1tvj5FvSg==}
    dev: true

  /nanoid/3.1.30:
    resolution: {integrity: sha512-zJpuPDwOv8D2zq2WRoMe1HsfZthVewpel9CAvTfc/2mBD1uUT/agc5f7GHGWXlYkFvi1mVxe4IjvP2HNrop7nQ==}
    engines: {node: ^10 || ^12 || ^13.7 || ^14 || >=15.0.1}
    hasBin: true
    dev: true

  /node-releases/2.0.1:
    resolution: {integrity: sha512-CqyzN6z7Q6aMeF/ktcMVTzhAHCEpf8SOarwpzpf8pNBY2k5/oM34UHldUwp8VKI7uxct2HxSRdJjBaZeESzcxA==}
    dev: true

  /normalize-range/0.1.2:
    resolution: {integrity: sha1-LRDAa9/TEuqXd2laTShDlFa3WUI=}
    engines: {node: '>=0.10.0'}
    dev: true

  /parse-node-version/1.0.1:
    resolution: {integrity: sha512-3YHlOa/JgH6Mnpr05jP9eDG254US9ek25LyIxZlDItp2iJtwyaXQb57lBYLdT3MowkUFYEV2XXNAYIPlESvJlA==}
    engines: {node: '>= 0.10'}
    dev: true

  /picocolors/1.0.0:
    resolution: {integrity: sha512-1fygroTLlHu66zi26VoTDv8yRgm0Fccecssto+MhsZ0D/DGW2sm8E8AjW7NU5VVTRt5GxbeZ5qBuJr+HyLYkjQ==}
    dev: true

  /plugin-error/1.0.1:
    resolution: {integrity: sha512-L1zP0dk7vGweZME2i+EeakvUNqSrdiI3F91TwEoYiGrAfUXmVv6fJIq4g82PAXxNsWOp0J7ZqQy/3Szz0ajTxA==}
    engines: {node: '>= 0.10'}
    dependencies:
      ansi-colors: 1.1.0
      arr-diff: 4.0.0
      arr-union: 3.1.0
      extend-shallow: 3.0.2
    dev: true

  /postcss-value-parser/4.1.0:
    resolution: {integrity: sha512-97DXOFbQJhk71ne5/Mt6cOu6yxsSfM0QGQyl0L25Gca4yGWEGJaig7l7gbCX623VqTBNGLRLaVUCnNkcedlRSQ==}
    dev: true

  /postcss/8.4.4:
    resolution: {integrity: sha512-joU6fBsN6EIer28Lj6GDFoC/5yOZzLCfn0zHAn/MYXI7aPt4m4hK5KC5ovEZXy+lnCjmYIbQWngvju2ddyEr8Q==}
    engines: {node: ^10 || ^12 || >=14}
    dependencies:
      nanoid: 3.1.30
      picocolors: 1.0.0
      source-map-js: 1.0.1
    dev: true

  /readable-stream/3.6.0:
    resolution: {integrity: sha512-BViHy7LKeTz4oNnkcLJ+lVSL6vpiFeX6/d3oSH8zCW7UxP2onchk+vTGB143xuFjHS3deTgkKoXXymXqymiIdA==}
    engines: {node: '>= 6'}
    dependencies:
      inherits: 2.0.4
      string_decoder: 1.3.0
      util-deprecate: 1.0.2
    dev: true

  /replace-ext/2.0.0:
    resolution: {integrity: sha512-UszKE5KVK6JvyD92nzMn9cDapSk6w/CaFZ96CnmDMUqH9oowfxF/ZjRITD25H4DnOQClLA4/j7jLGXXLVKxAug==}
    engines: {node: '>= 10'}
    dev: true

  /safe-buffer/5.2.1:
    resolution: {integrity: sha512-rp3So07KcdmmKbGvgaNxQSJr7bGVSVk5S9Eq1F+ppbRo70+YeaDxkw5Dd8NPN+GD6bjnYm2VuPuCXmpuYvmCXQ==}
    dev: true

  /source-map-js/1.0.1:
    resolution: {integrity: sha512-4+TN2b3tqOCd/kaGRJ/sTYA0tR0mdXx26ipdolxcwtJVqEnqNYvlCAt1q3ypy4QMlYus+Zh34RNtYLoq2oQ4IA==}
    engines: {node: '>=0.10.0'}
    dev: true

  /source-map/0.5.7:
    resolution: {integrity: sha1-igOdLRAh0i0eoUyA2OpGi6LvP8w=}
    engines: {node: '>=0.10.0'}
    dev: true

  /source-map/0.6.1:
    resolution: {integrity: sha512-UjgapumWlbMhkBgzT7Ykc5YXUT46F0iKu8SGXq0bcwP5dz/h0Plj6enJqjz1Zbq2l5WaqYnrVbwWOWMyF3F47g==}
    engines: {node: '>=0.10.0'}
    dev: true

  /string_decoder/1.3.0:
    resolution: {integrity: sha512-hkRX8U1WjJFd8LsDJ2yQ/wWWxaopEsABU1XfkM8A+j0+85JAGppt16cr1Whg6KIbb4okU6Mql6BOj+uup/wKeA==}
    dependencies:
      safe-buffer: 5.2.1
    dev: true

  /strip-ansi/6.0.1:
    resolution: {integrity: sha512-Y38VPSHcqkFrCpFnQ9vuSXmquuv5oXOKpGeT6aGrr3o3Gc9AlVa6JBfUSOCnbxGGZF+/0ooI7KrPuUSztUdU5A==}
    engines: {node: '>=8'}
    dependencies:
      ansi-regex: 5.0.1
    dev: true

  /supports-color/7.2.0:
    resolution: {integrity: sha512-qpCAvRl9stuOHveKsn7HncJRvv501qIacKzQlO/+Lwxc9+0q2wLyv4Dfvt80/DPn2pqOBsJdDiogXGR9+OvwRw==}
    engines: {node: '>=8'}
    dependencies:
      has-flag: 4.0.0
    dev: true

  /through2/3.0.1:
    resolution: {integrity: sha512-M96dvTalPT3YbYLaKaCuwu+j06D/8Jfib0o/PxbVt6Amhv3dUAtW6rTV1jPgJSBG83I/e04Y6xkVdVhSRhi0ww==}
    dependencies:
      readable-stream: 3.6.0
    dev: true

  /through2/4.0.2:
    resolution: {integrity: sha512-iOqSav00cVxEEICeD7TjLB1sueEL+81Wpzp2bY17uZjZN0pWZPuo4suZ/61VujxmqSGFfgOcNuTZ85QJwNZQpw==}
    dependencies:
      readable-stream: 3.6.0
    dev: true

  /time-stamp/1.1.0:
    resolution: {integrity: sha1-dkpaEa9QVhkhsTPztE5hhofg9cM=}
    engines: {node: '>=0.10.0'}
    dev: true

  /transfob/1.0.0:
    resolution: {integrity: sha1-x/wnpbVDCtSGJnrmZtkj90oKsyA=}
    dev: true

  /util-deprecate/1.0.2:
    resolution: {integrity: sha1-RQ1Nyfpw3nMnYvvS1KKJgUGaDM8=}
    dev: true

  /vinyl-sourcemaps-apply/0.2.1:
    resolution: {integrity: sha1-q2VJ1h0XLCsbh75cUI0jnI74dwU=}
    dependencies:
      source-map: 0.5.7
    dev: true
